{
  "version": 4,
  "terraform_version": "1.6.5",
  "serial": 3,
  "lineage": "49425e7f-880a-9ae2-2f76-7620ed9d2374",
  "outputs": {
    "endpoint": {
      "value": "https://601C25EEFAA7750C0072D19291A7EC86.gr7.us-east-1.eks.amazonaws.com",
      "type": "string"
    }
  },
  "resources": [
    {
      "mode": "managed",
      "type": "aws_eks_cluster",
      "name": "terraform-test",
      "provider": "provider[\"registry.terraform.io/hashicorp/aws\"]",
      "instances": [
        {
          "schema_version": 1,
          "attributes": {
            "access_config": [
              {
                "authentication_mode": "CONFIG_MAP",
                "bootstrap_cluster_creator_admin_permissions": true
              }
            ],
            "arn": "arn:aws:eks:us-east-1:828048069567:cluster/dev-cluster",
            "bootstrap_self_managed_addons": true,
            "certificate_authority": [
              {
                "data": "LS0tLS1CRUdJTiBDRVJUSUZJQ0FURS0tLS0tCk1JSURCVENDQWUyZ0F3SUJBZ0lJT3phblhqN2FqV293RFFZSktvWklodmNOQVFFTEJRQXdGVEVUTUJFR0ExVUUKQXhNS2EzVmlaWEp1WlhSbGN6QWVGdzB5TkRBM01qVXhOak13TVRkYUZ3MHpOREEzTWpNeE5qTTFNVGRhTUJVeApFekFSQmdOVkJBTVRDbXQxWW1WeWJtVjBaWE13Z2dFaU1BMEdDU3FHU0liM0RRRUJBUVVBQTRJQkR3QXdnZ0VLCkFvSUJBUURHQ2J0Q0ROeTNKZSthdk01cG1NY0huNENFS2pkTjZPOHRuSzZ5N0ZrbThQVTlPNzNkdmk3YlFNTm8KT3NpSE9WMFptc2VETUEycngvZWNmV09UV0JtZlV6am43UVVSNnlmdG1BMGcvRTdnajZXKzlKMmdlMWUrbERBdQpXbE43WjA1bGJCTmRCOHdNYlpwZjFjNkphaE5xSXMyNE83Wmp5cFdmYXliQUpNUUYvS0hQdVNlK0k3MmdKUFpxCjVhQ3NhRWFNRVVtRTlIclk0RW11RGFiZG96RUhhQXpEdlc4UTZnYW4vYWFOVkV1bGZJVVA3MlZBYllHaFpGdGQKdU4wbkoySU8reGF6eU16b09HcUdtYVFQNmFwZ1dDbzBTUVp1N1k1L3FJRWVQM1B2U3hpeXZCMFkzMkl2VEp2Kwo2Y0tiWFAyS1dyMWdIbXRWSFk5ZDVWcXY0QktiQWdNQkFBR2pXVEJYTUE0R0ExVWREd0VCL3dRRUF3SUNwREFQCkJnTlZIUk1CQWY4RUJUQURBUUgvTUIwR0ExVWREZ1FXQkJTRzRVTXNYcjhpYW5mci9NWUNzaU9GVlpveU9EQVYKQmdOVkhSRUVEakFNZ2dwcmRXSmxjbTVsZEdWek1BMEdDU3FHU0liM0RRRUJDd1VBQTRJQkFRQ2I0V1VxemdEbQpBUDkyWnVwTGxjSWI0RDE2YkNvbVAyQmpLL0w2SnZzbGtGbU5qVis5WUR6aHZ5anN0SWRIU0NGNHdndmtFZ1BICjBKWXJFTEcyNFUzYWQ0UnAyc3FvNUVhaEJMRklRbXBOMmFJdGZSOGNYR2lqbm5xSTNVMDkzb2k2d2d5dVZtRGUKTkhoM2l2eFd2dmtDYVM3ZHNlbWRPVVh0VDVDMG4rZXdyYzZZa0FSR1FENTl3SlhHRTgwNmNwek4wdjZDM3ppQQoxL1Z4TjRjd05EMU9ySVh2SUwxa1dxVkQ4SUFTckFPZUo1RVV4UXYzS25TSzRuak1ZSTFCaERlN0tOc0NzZVg5CmhqYW1VS1R2QU14T1BsdHVCNUtJQ0tyZGlkYVFaclFaa0lhWjN6Qy8xcHVBUFNMQ0JjdWV0T3l2a0c0dzhRR2kKbUtSdWRxMFRyK1JICi0tLS0tRU5EIENFUlRJRklDQVRFLS0tLS0K"
              }
            ],
            "cluster_id": null,
            "created_at": "2024-07-25 16:30:01.344 +0000 UTC",
            "enabled_cluster_log_types": null,
            "encryption_config": [],
            "endpoint": "https://601C25EEFAA7750C0072D19291A7EC86.gr7.us-east-1.eks.amazonaws.com",
            "id": "dev-cluster",
            "identity": [
              {
                "oidc": [
                  {
                    "issuer": "https://oidc.eks.us-east-1.amazonaws.com/id/601C25EEFAA7750C0072D19291A7EC86"
                  }
                ]
              }
            ],
            "kubernetes_network_config": [
              {
                "ip_family": "ipv4",
                "service_ipv4_cidr": "10.100.0.0/16",
                "service_ipv6_cidr": ""
              }
            ],
            "name": "dev-cluster",
            "outpost_config": [],
            "platform_version": "eks.5",
            "role_arn": "arn:aws:iam::828048069567:role/eksClusterRole",
            "status": "ACTIVE",
            "tags": {
              "Name": "Terraform-example-cluster",
              "Owner": "DevOps"
            },
            "tags_all": {
              "Name": "Terraform-example-cluster",
              "Owner": "DevOps"
            },
            "timeouts": null,
            "version": "1.30",
            "vpc_config": [
              {
                "cluster_security_group_id": "sg-03e08d7a5176ee12b",
                "endpoint_private_access": false,
                "endpoint_public_access": true,
                "public_access_cidrs": [
                  "0.0.0.0/0"
                ],
                "security_group_ids": null,
                "subnet_ids": [
                  "subnet-084a18eae9dbb2283",
                  "subnet-0f184101bfe608199"
                ],
                "vpc_id": "vpc-0eb1243a3a859fba6"
              }
            ]
          },
          "sensitive_attributes": [],
          "private": "eyJlMmJmYjczMC1lY2FhLTExZTYtOGY4OC0zNDM2M2JjN2M0YzAiOnsiY3JlYXRlIjoxODAwMDAwMDAwMDAwLCJkZWxldGUiOjkwMDAwMDAwMDAwMCwidXBkYXRlIjozNjAwMDAwMDAwMDAwfSwic2NoZW1hX3ZlcnNpb24iOiIxIn0="
        }
      ]
    },
    {
      "mode": "managed",
      "type": "aws_eks_node_group",
      "name": "terraform-Cluster-node-group",
      "provider": "provider[\"registry.terraform.io/hashicorp/aws\"]",
      "instances": [
        {
          "schema_version": 0,
          "attributes": {
            "ami_type": "AL2023_x86_64_STANDARD",
            "arn": "arn:aws:eks:us-east-1:828048069567:nodegroup/dev-cluster/terraform-test-node/7cc87561-91b6-01bb-1076-cb97081c7071",
            "capacity_type": "ON_DEMAND",
            "cluster_name": "dev-cluster",
            "disk_size": 20,
            "force_update_version": null,
            "id": "dev-cluster:terraform-test-node",
            "instance_types": [
              "t3.medium"
            ],
            "labels": null,
            "launch_template": [],
            "node_group_name": "terraform-test-node",
            "node_group_name_prefix": "",
            "node_role_arn": "arn:aws:iam::828048069567:role/eksNodeRole",
            "release_version": "1.30.0-20240703",
            "remote_access": [],
            "resources": [
              {
                "autoscaling_groups": [
                  {
                    "name": "eks-terraform-test-node-7cc87561-91b6-01bb-1076-cb97081c7071"
                  }
                ],
                "remote_access_security_group_id": ""
              }
            ],
            "scaling_config": [
              {
                "desired_size": 1,
                "max_size": 2,
                "min_size": 1
              }
            ],
            "status": "ACTIVE",
            "subnet_ids": [
              "subnet-084a18eae9dbb2283",
              "subnet-0f184101bfe608199"
            ],
            "tags": null,
            "tags_all": {},
            "taint": [],
            "timeouts": null,
            "update_config": [
              {
                "max_unavailable": 1,
                "max_unavailable_percentage": 0
              }
            ],
            "version": "1.30"
          },
          "sensitive_attributes": [],
          "private": "eyJlMmJmYjczMC1lY2FhLTExZTYtOGY4OC0zNDM2M2JjN2M0YzAiOnsiY3JlYXRlIjozNjAwMDAwMDAwMDAwLCJkZWxldGUiOjM2MDAwMDAwMDAwMDAsInVwZGF0ZSI6MzYwMDAwMDAwMDAwMH19",
          "dependencies": [
            "aws_eks_cluster.terraform-test"
          ]
        }
      ]
    }
  ],
  "check_results": null
}
