{
  "version": 4,
  "terraform_version": "1.6.5",
  "serial": 8,
  "lineage": "c88d95e1-9f2c-cd45-ce40-9420cb0a5e85",
  "outputs": {},
  "resources": [
    {
      "mode": "managed",
      "type": "aws_eks_cluster",
      "name": "terraform-test",
      "provider": "provider[\"registry.terraform.io/hashicorp/aws\"]",
      "instances": [
        {
          "schema_version": 1,
          "attributes": {
            "access_config": [
              {
                "authentication_mode": "CONFIG_MAP",
                "bootstrap_cluster_creator_admin_permissions": true
              }
            ],
            "arn": "arn:aws:eks:us-east-1:828048069567:cluster/prod-cluster",
            "bootstrap_self_managed_addons": true,
            "certificate_authority": [
              {
                "data": "LS0tLS1CRUdJTiBDRVJUSUZJQ0FURS0tLS0tCk1JSURCVENDQWUyZ0F3SUJBZ0lJTEVpVmZJZXRWMUV3RFFZSktvWklodmNOQVFFTEJRQXdGVEVUTUJFR0ExVUUKQXhNS2EzVmlaWEp1WlhSbGN6QWVGdzB5TkRBM01qVXhOekV6TWpWYUZ3MHpOREEzTWpNeE56RTRNalZhTUJVeApFekFSQmdOVkJBTVRDbXQxWW1WeWJtVjBaWE13Z2dFaU1BMEdDU3FHU0liM0RRRUJBUVVBQTRJQkR3QXdnZ0VLCkFvSUJBUUQ5eUpQWWo2ZWhpZlJsSXduYTlQVXZyd01vMDdjbVZuSXh2VTlrOUNtbFdPQWQ1dE52NDdoM2lNWVcKSjhPak5DQUx0c2pydFhoVDVza1Q0N1NydWZESnZ4K1ZGK1ZCZ3lXUGJPS0JOTzZlZ0xRb2llU25TdVI1em1GbgppTzNDYlN2UWw0SE5MU2s5US9YOVVWNFRhUjdSa0FXMGZkNzBNa21YdEFRRFBuOHVhOWp4ZEVvckVtcDFLaENLCjNyQmtZVU9tb0RRS1EwNnhFSE1kdlYyZlZqWWttTTh0UTlTZk0vSDRhNWVsbzZYWlVWZ29uU1JWc0NXWk1xeU4KWmFIQ3J3bUpYa29KU3BuNlhBYUJ5WVFlRjlmNWRsanJhV09aWE5jQjl1bEJ3cWRrWjFaU1VvTXVqZkp0RjRDUgpWc24rUXh0T2orWkQ1dVRJVzNzcHZVYnh2WjNaQWdNQkFBR2pXVEJYTUE0R0ExVWREd0VCL3dRRUF3SUNwREFQCkJnTlZIUk1CQWY4RUJUQURBUUgvTUIwR0ExVWREZ1FXQkJTR1NtejVXd3FNQ3BDcDFJdHZGRVpQK2VxR1ZEQVYKQmdOVkhSRUVEakFNZ2dwcmRXSmxjbTVsZEdWek1BMEdDU3FHU0liM0RRRUJDd1VBQTRJQkFRRDRiTmZXdEdzcgpiZDB6dzhzZ01DcnV5OEg5WXNZeVNjRmpVNHRWeHRmeDlweUZRNHlYa0pBb09iM3VqczBNT0FVTkNBcHhaZTdsCldtTUNFbkpzanRXbjNiNkxRVEVkdE0rQjNCVkZkdWwvQm03WnBmMFQ3dm5IaHBhUit0Q1VNWEFRSDlEUmlIdGsKaUM2d0k1SWk5ZzdCNHRUWTNRQzhKcXRXWkJEMk1pZGlpRC9aOTNXWllaOGRsQm4vSXlRV29Kc3diNXlHeCtKaApXTzhVNzYzQ0VlYnozNE1oUDZUQm9vS0NUalhxK3oydnQ3N1RBR25iZmd4KzB0N2VlSkUrcmJKS1lmZEhHcG5tCkxkMTMzVmtpaHBjL3Z5aTRaT2U0dU5Gcm5yN3NjejMvSWIzcHRXNVZ1eTErUnNuSGJVZ2dwa05HQjh3c3JwQ2sKQkRqSm56RUEwOFZNCi0tLS0tRU5EIENFUlRJRklDQVRFLS0tLS0K"
              }
            ],
            "cluster_id": null,
            "created_at": "2024-07-25 17:14:00.997 +0000 UTC",
            "enabled_cluster_log_types": [],
            "encryption_config": [],
            "endpoint": "https://308729C9FB07FE54E12ECD3B71C1F5CD.gr7.us-east-1.eks.amazonaws.com",
            "id": "prod-cluster",
            "identity": [
              {
                "oidc": [
                  {
                    "issuer": "https://oidc.eks.us-east-1.amazonaws.com/id/308729C9FB07FE54E12ECD3B71C1F5CD"
                  }
                ]
              }
            ],
            "kubernetes_network_config": [
              {
                "ip_family": "ipv4",
                "service_ipv4_cidr": "10.100.0.0/16",
                "service_ipv6_cidr": ""
              }
            ],
            "name": "prod-cluster",
            "outpost_config": [],
            "platform_version": "eks.5",
            "role_arn": "arn:aws:iam::828048069567:role/eksClusterRole",
            "status": "ACTIVE",
            "tags": {
              "Name": "Terraform-example-prod-cluster",
              "Owner": "DevOps"
            },
            "tags_all": {
              "Name": "Terraform-example-prod-cluster",
              "Owner": "DevOps"
            },
            "timeouts": null,
            "version": "1.30",
            "vpc_config": [
              {
                "cluster_security_group_id": "sg-0b6a498237e9dafac",
                "endpoint_private_access": false,
                "endpoint_public_access": true,
                "public_access_cidrs": [
                  "0.0.0.0/0"
                ],
                "security_group_ids": [],
                "subnet_ids": [
                  "subnet-00b6609af3375e63c",
                  "subnet-0f660858b9722a730"
                ],
                "vpc_id": "vpc-0eb1243a3a859fba6"
              }
            ]
          },
          "sensitive_attributes": [],
          "private": "eyJlMmJmYjczMC1lY2FhLTExZTYtOGY4OC0zNDM2M2JjN2M0YzAiOnsiY3JlYXRlIjoxODAwMDAwMDAwMDAwLCJkZWxldGUiOjkwMDAwMDAwMDAwMCwidXBkYXRlIjozNjAwMDAwMDAwMDAwfSwic2NoZW1hX3ZlcnNpb24iOiIxIn0="
        }
      ]
    },
    {
      "mode": "managed",
      "type": "aws_eks_node_group",
      "name": "terraform-Cluster-node-group",
      "provider": "provider[\"registry.terraform.io/hashicorp/aws\"]",
      "instances": [
        {
          "status": "tainted",
          "schema_version": 0,
          "attributes": {
            "ami_type": "AL2023_x86_64_STANDARD",
            "arn": "arn:aws:eks:us-east-1:828048069567:nodegroup/prod-cluster/terraform-prod-node/8ac87574-76ad-323b-f02f-c114713096c4",
            "capacity_type": "ON_DEMAND",
            "cluster_name": "prod-cluster",
            "disk_size": 20,
            "force_update_version": null,
            "id": "prod-cluster:terraform-prod-node",
            "instance_types": [
              "t3.medium"
            ],
            "labels": {},
            "launch_template": [],
            "node_group_name": "terraform-prod-node",
            "node_group_name_prefix": "",
            "node_role_arn": "arn:aws:iam::828048069567:role/eksNodeRole",
            "release_version": "1.30.0-20240703",
            "remote_access": [],
            "resources": [],
            "scaling_config": [
              {
                "desired_size": 1,
                "max_size": 2,
                "min_size": 1
              }
            ],
            "status": "CREATING",
            "subnet_ids": [
              "subnet-00b6609af3375e63c",
              "subnet-0f660858b9722a730"
            ],
            "tags": {},
            "tags_all": {},
            "taint": [],
            "timeouts": null,
            "update_config": [
              {
                "max_unavailable": 1,
                "max_unavailable_percentage": 0
              }
            ],
            "version": "1.30"
          },
          "sensitive_attributes": [],
          "private": "eyJlMmJmYjczMC1lY2FhLTExZTYtOGY4OC0zNDM2M2JjN2M0YzAiOnsiY3JlYXRlIjozNjAwMDAwMDAwMDAwLCJkZWxldGUiOjM2MDAwMDAwMDAwMDAsInVwZGF0ZSI6MzYwMDAwMDAwMDAwMH19",
          "dependencies": [
            "aws_eks_cluster.terraform-test"
          ]
        }
      ]
    }
  ],
  "check_results": null
}
